<?xml version="1.0" encoding="UTF-8"?>
<Scheme
   LastUpgradeVersion = "0500"
   version = "1.3">
   <BuildAction
      parallelizeBuildables = "YES"
      buildImplicitDependencies = "YES">
      <BuildActionEntries>
         <BuildActionEntry
            buildForTesting = "YES"
            buildForRunning = "YES"
            buildForProfiling = "YES"
            buildForArchiving = "YES"
            buildForAnalyzing = "YES">
            <BuildableReference
               BuildableIdentifier = "primary"
               BlueprintIdentifier = "4E6C9B4E183BA2D4005FB565"
               BuildableName = "PrepareTrainingSetApplication"
               BlueprintName = "PrepareTrainingSetApplication"
               ReferencedContainer = "container:NeuralNetworkApplication.xcodeproj">
            </BuildableReference>
         </BuildActionEntry>
      </BuildActionEntries>
   </BuildAction>
   <TestAction
      selectedDebuggerIdentifier = "Xcode.DebuggerFoundation.Debugger.LLDB"
      selectedLauncherIdentifier = "Xcode.DebuggerFoundation.Launcher.LLDB"
      shouldUseLaunchSchemeArgsEnv = "YES"
      buildConfiguration = "Debug">
      <Testables>
      </Testables>
      <MacroExpansion>
         <BuildableReference
            BuildableIdentifier = "primary"
            BlueprintIdentifier = "4E6C9B4E183BA2D4005FB565"
            BuildableName = "PrepareTrainingSetApplication"
            BlueprintName = "PrepareTrainingSetApplication"
            ReferencedContainer = "container:NeuralNetworkApplication.xcodeproj">
         </BuildableReference>
      </MacroExpansion>
   </TestAction>
   <LaunchAction
      selectedDebuggerIdentifier = "Xcode.DebuggerFoundation.Debugger.LLDB"
      selectedLauncherIdentifier = "Xcode.DebuggerFoundation.Launcher.LLDB"
      launchStyle = "0"
      useCustomWorkingDirectory = "NO"
      buildConfiguration = "Debug"
      ignoresPersistentStateOnLaunch = "NO"
      debugDocumentVersioning = "YES"
      allowLocationSimulation = "YES">
      <BuildableProductRunnable
         runnableDebuggingMode = "0">
         <BuildableReference
            BuildableIdentifier = "primary"
            BlueprintIdentifier = "4E6C9B4E183BA2D4005FB565"
            BuildableName = "PrepareTrainingSetApplication"
            BlueprintName = "PrepareTrainingSetApplication"
            ReferencedContainer = "container:NeuralNetworkApplication.xcodeproj">
         </BuildableReference>
      </BuildableProductRunnable>
      <CommandLineArguments>
         <CommandLineArgument
            argument = "--scale --inputrows=30 --range=0.75 --offset=0.15 --input=&quot;/Users/seimon/Development/Production/MarketPredictor/Runs/FTSE.2013.11.18/Inputs/4.Joined/FTSE100.csv&quot; --output=&quot;/Users/seimon/Development/Production/MarketPredictor/Runs/FTSE.2013.11.18/Inputs/4.Joined/FTSE100Scaled.csv&quot; --training=&quot;/Users/seimon/Development/Production/MarketPredictor/Runs/FTSE.2013.11.18/Inputs/4.Joined/FTSE100Inputs.csv&quot; --targets=&quot;/Users/seimon/Development/Production/MarketPredictor/Runs/FTSE.2013.11.18/Inputs/4.Joined/FTSE100Targets.csv&quot;"
            isEnabled = "NO">
         </CommandLineArgument>
         <CommandLineArgument
            argument = "--growth --input=&quot;/Users/seimon/Development/Production/MarketPredictor/Tests/FTSE.2015.03.02/exemplars/FTSE.2015.03.02.Inputs-30x98.Hidden-600.Output-98.Gain-0.025.Momentum-0.25.Iter-1809432.xml.forecast_absolute.csv&quot; --output=&quot;/Users/seimon/Development/Production/MarketPredictor/Tests/FTSE.2015.03.02/test-outputs/FTSE.2015.03.02.Inputs-30x98.Hidden-600.Output-98.Gain-0.025.Momentum-0.25.Iter-1809432.xml.forecast_growth.csv&quot;"
            isEnabled = "YES">
         </CommandLineArgument>
         <CommandLineArgument
            argument = "--unscale --input=&quot;/Users/seimon/Development/Production/MarketPredictor/Tests/FTSE.2015.03.02/exemplars/FTSE.2015.03.02.Inputs-30x98.Hidden-600.Output-98.Gain-0.025.Momentum-0.25.Iter-1809432.xml.forecast_raw.csv&quot; --output=&quot;/Users/seimon/Development/Production/MarketPredictor/Tests/FTSE.2015.03.02/test-outputs/FTSE.2015.03.02.Inputs-30x98.Hidden-600.Output-98.Gain-0.025.Momentum-0.25.Iter-1809432.xml.forecast_absolute.csv&quot;"
            isEnabled = "NO">
         </CommandLineArgument>
         <CommandLineArgument
            argument = "--unscale --input=&quot;/Users/seimon/Development/Production/MarketPredictor/Tests/FTSE.2015.03.02/exemplars/FTSE.2015.03.02.Scaled.csv&quot; --output=&quot;/Users/seimon/Development/Production/MarketPredictor/Tests/FTSE.2015.03.02/test-outputs/FTSE.2015.03.02.UnScaled.csv&quot;"
            isEnabled = "NO">
         </CommandLineArgument>
      </CommandLineArguments>
      <AdditionalOptions>
      </AdditionalOptions>
   </LaunchAction>
   <ProfileAction
      shouldUseLaunchSchemeArgsEnv = "YES"
      savedToolIdentifier = ""
      useCustomWorkingDirectory = "NO"
      buildConfiguration = "Release"
      debugDocumentVersioning = "YES">
      <BuildableProductRunnable
         runnableDebuggingMode = "0">
         <BuildableReference
            BuildableIdentifier = "primary"
            BlueprintIdentifier = "4E6C9B4E183BA2D4005FB565"
            BuildableName = "PrepareTrainingSetApplication"
            BlueprintName = "PrepareTrainingSetApplication"
            ReferencedContainer = "container:NeuralNetworkApplication.xcodeproj">
         </BuildableReference>
      </BuildableProductRunnable>
   </ProfileAction>
   <AnalyzeAction
      buildConfiguration = "Debug">
   </AnalyzeAction>
   <ArchiveAction
      buildConfiguration = "Release"
      revealArchiveInOrganizer = "YES">
   </ArchiveAction>
</Scheme>
